# THIS IS AN AUTOGENERATED FILE. DO NOT EDIT THIS FILE DIRECTLY.
# yarn lockfile v1


gasp@^0.0.2:
  version "0.0.2"
  resolved "https://registry.yarnpkg.com/gasp/-/gasp-0.0.2.tgz#ba48a71546aaad75fe1162dd74c2fc15bedffb11"
  integrity sha512-cJGS8HkASZXLtYnS7CHDUCutYdeV2OXW/P+SU03+allNY26GiYOfstziPjnsMW8bbdf6hoQ3caVHYNZ0YLuFCA==
  dependencies:
    q "^1.0.0"

marked@^4.0.18:
  version "4.0.18"
  resolved "https://registry.yarnpkg.com/marked/-/marked-4.0.18.tgz#cd0ac54b2e5610cfb90e8fd46ccaa8292c9ed569"
  integrity sha512-wbLDJ7Zh0sqA0Vdg6aqlbT+yPxqLblpAZh1mK2+AO2twQkPywvvqQNfEPVwSSRjZ7dZcdeVBIAgiO7MMp3Dszw==

q@^1.0.0:
  version "1.5.1"
  resolved "https://registry.yarnpkg.com/q/-/q-1.5.1.tgz#7e32f75b41381291d04611f1bf14109ac00651d7"
  integrity sha512-kV/CThkXo6xyFEZUugw/+pIOywXcDbFYgSct5cT3gqlbkBE1SJdwy6UQoZvodiWF/ckQLZyDE/Bu1M6gVu5lVw==

scrollmagic@^2.0.8:
  version "2.0.8"
  resolved "https://registry.yarnpkg.com/scrollmagic/-/scrollmagic-2.0.8.tgz#e0d7aff804c393c022fdc0c566f1edce3b4e9ed7"
  integrity sha512-UYXEGBPVLziovXl3FjHGkY9c4UXKUKopIdXwWR2JapWxCo0U345wYegi7rcsv5vHf/ktc1bSNWy4QRFiV+Yccw==
